{
  "name": "jsonata-go",
  "lockfileVersion": 3,
  "requires": true,
  "packages": {
    "": {
      "dependencies": {
        "jsonata": "^2.0.3"
      }
    },
    "node_modules/jsonata": {
      "version": "2.0.5",
      "resolved": "https://registry.npmjs.org/jsonata/-/jsonata-2.0.5.tgz",
      "integrity": "sha512-wEse9+QLIIU5IaCgtJCPsFi/H4F3qcikWzF4bAELZiRz08ohfx3Q6CjDRf4ZPF5P/92RI3KIHtb7u3jqPaHXdQ==",
      "license": "MIT",
      "engines": {
        "node": ">= 8"
      }
    }
  }
}
