{
  "name": "jsonata-go",
  "lockfileVersion": 3,
  "requires": true,
  "packages": {
    "": {
      "dependencies": {
        "jsonata": "^2.0.3"
      }
    },
    "node_modules/jsonata": {
      "version": "2.0.4",
      "resolved": "https://registry.npmjs.org/jsonata/-/jsonata-2.0.4.tgz",
      "integrity": "sha512-vfavX4/G/yrYxE+UrmT/oUJ3ph7KqUrb0R7b0LVRcntQwxw+Z5kA1pNUIQzX5hF04Oe1eKxyoIPsmXtc2LgJTQ==",
      "engines": {
        "node": ">= 8"
      }
    }
  }
}
